
Microsoft Visual Studio Solution File, Format Version 12.00
# Visual Studio Version 17
VisualStudioVersion = 17.1.32407.343
MinimumVisualStudioVersion = 10.0.40219.1
Project("{FAE04EC0-301F-11D3-BF4B-00C04F79EFBC}") = "Notepad", "Notepad\Notepad.csproj", "{87AE2DCA-00FB-4CFB-9112-27FAB507D7B6}"
EndProject
Global
	GlobalSection(SolutionConfigurationPlatforms) = preSolution
		Debug|Any CPU = Debug|Any CPU
		Release|Any CPU = Release|Any CPU
	EndGlobalSection
	GlobalSection(ProjectConfigurationPlatforms) = postSolution
		{87AE2DCA-00FB-4CFB-9112-27FAB507D7B6}.Debug|Any CPU.ActiveCfg = Debug|Any CPU
		{87AE2DCA-00FB-4CFB-9112-27FAB507D7B6}.Debug|Any CPU.Build.0 = Debug|Any CPU
		{87AE2DCA-00FB-4CFB-9112-27FAB507D7B6}.Release|Any CPU.ActiveCfg = Release|Any CPU
		{87AE2DCA-00FB-4CFB-9112-27FAB507D7B6}.Release|Any CPU.Build.0 = Release|Any CPU
	EndGlobalSection
	GlobalSection(SolutionProperties) = preSolution
		HideSolutionNode = FALSE
	EndGlobalSection
	GlobalSection(ExtensibilityGlobals) = postSolution
		SolutionGuid = {17A782C2-AFA2-459D-BC8D-A78FEB27F778}
	EndGlobalSection
EndGlobal
